
Microsoft Visual Studio Solution File, Format Version 12.00
# Visual Studio 15
Project("{FAE04EC0-301F-11D3-BF4B-00C04F79EFBC}") = "Bar.Android", "Bar.Android\Bar.Android.csproj", "{24CE3C36-16B9-426D-AA0C-5961ECF8D88C}"
EndProject
Project("{FAE04EC0-301F-11D3-BF4B-00C04F79EFBC}") = "Foo.iOS", "Foo.iOS\Foo.iOS.csproj", "{4ADE12D5-1C06-4E10-8773-9D142C8823EF}"
EndProject
Project("{FAE04EC0-301F-11D3-BF4B-00C04F79EFBC}") = "Bar.UITests", "Bar.UITests\Bar.UITests.csproj", "{B19C892E-2628-4CA7-AD27-08D406A3B14B}"
EndProject
Project("{FAE04EC0-301F-11D3-BF4B-00C04F79EFBC}") = "Foo", "Foo\Foo.csproj", "{6F5B2DEC-A700-4244-86C6-39996F228A22}"
EndProject
Project("{FAE04EC0-301F-11D3-BF4B-00C04F79EFBC}") = "Bar.iOS", "Bar.iOS\Bar.iOS.csproj", "{51D70052-D590-4AF3-91AA-C2FDBF30CCB0}"
EndProject
Project("{FAE04EC0-301F-11D3-BF4B-00C04F79EFBC}") = "Bar", "Bar\Bar.csproj", "{3EEAD458-98D5-41D5-B23D-85FF98844C33}"
EndProject
Global
	GlobalSection(SolutionConfigurationPlatforms) = preSolution
		Debug|Any CPU = Debug|Any CPU
		Release|Any CPU = Release|Any CPU
		Debug|iPhoneSimulator = Debug|iPhoneSimulator
		Release|iPhoneSimulator = Release|iPhoneSimulator
		Debug|iPhone = Debug|iPhone
		Release|iPhone = Release|iPhone
	EndGlobalSection
	GlobalSection(ProjectConfigurationPlatforms) = postSolution
		{24CE3C36-16B9-426D-AA0C-5961ECF8D88C}.Debug|Any CPU.ActiveCfg = Debug|Any CPU
		{24CE3C36-16B9-426D-AA0C-5961ECF8D88C}.Debug|Any CPU.Build.0 = Debug|Any CPU
		{24CE3C36-16B9-426D-AA0C-5961ECF8D88C}.Release|Any CPU.ActiveCfg = Release|Any CPU
		{24CE3C36-16B9-426D-AA0C-5961ECF8D88C}.Release|Any CPU.Build.0 = Release|Any CPU
		{24CE3C36-16B9-426D-AA0C-5961ECF8D88C}.Debug|iPhoneSimulator.ActiveCfg = Debug|Any CPU
		{24CE3C36-16B9-426D-AA0C-5961ECF8D88C}.Debug|iPhoneSimulator.Build.0 = Debug|Any CPU
		{24CE3C36-16B9-426D-AA0C-5961ECF8D88C}.Release|iPhoneSimulator.ActiveCfg = Release|Any CPU
		{24CE3C36-16B9-426D-AA0C-5961ECF8D88C}.Release|iPhoneSimulator.Build.0 = Release|Any CPU
		{24CE3C36-16B9-426D-AA0C-5961ECF8D88C}.Debug|iPhone.ActiveCfg = Debug|Any CPU
		{24CE3C36-16B9-426D-AA0C-5961ECF8D88C}.Debug|iPhone.Build.0 = Debug|Any CPU
		{24CE3C36-16B9-426D-AA0C-5961ECF8D88C}.Release|iPhone.ActiveCfg = Release|Any CPU
		{24CE3C36-16B9-426D-AA0C-5961ECF8D88C}.Release|iPhone.Build.0 = Release|Any CPU
		{4ADE12D5-1C06-4E10-8773-9D142C8823EF}.Debug|Any CPU.ActiveCfg = Debug|iPhoneSimulator
		{4ADE12D5-1C06-4E10-8773-9D142C8823EF}.Debug|Any CPU.Build.0 = Debug|iPhoneSimulator
		{4ADE12D5-1C06-4E10-8773-9D142C8823EF}.Release|Any CPU.ActiveCfg = Release|iPhoneSimulator
		{4ADE12D5-1C06-4E10-8773-9D142C8823EF}.Release|Any CPU.Build.0 = Release|iPhoneSimulator
		{4ADE12D5-1C06-4E10-8773-9D142C8823EF}.Debug|iPhoneSimulator.ActiveCfg = Debug|iPhoneSimulator
		{4ADE12D5-1C06-4E10-8773-9D142C8823EF}.Debug|iPhoneSimulator.Build.0 = Debug|iPhoneSimulator
		{4ADE12D5-1C06-4E10-8773-9D142C8823EF}.Release|iPhoneSimulator.ActiveCfg = Release|iPhoneSimulator
		{4ADE12D5-1C06-4E10-8773-9D142C8823EF}.Release|iPhoneSimulator.Build.0 = Release|iPhoneSimulator
		{4ADE12D5-1C06-4E10-8773-9D142C8823EF}.Debug|iPhone.ActiveCfg = Debug|iPhone
		{4ADE12D5-1C06-4E10-8773-9D142C8823EF}.Debug|iPhone.Build.0 = Debug|iPhone
		{4ADE12D5-1C06-4E10-8773-9D142C8823EF}.Release|iPhone.ActiveCfg = Release|iPhone
		{4ADE12D5-1C06-4E10-8773-9D142C8823EF}.Release|iPhone.Build.0 = Release|iPhone
		{B19C892E-2628-4CA7-AD27-08D406A3B14B}.Debug|Any CPU.ActiveCfg = Debug|Any CPU
		{B19C892E-2628-4CA7-AD27-08D406A3B14B}.Debug|Any CPU.Build.0 = Debug|Any CPU
		{B19C892E-2628-4CA7-AD27-08D406A3B14B}.Release|Any CPU.ActiveCfg = Release|Any CPU
		{B19C892E-2628-4CA7-AD27-08D406A3B14B}.Release|Any CPU.Build.0 = Release|Any CPU
		{B19C892E-2628-4CA7-AD27-08D406A3B14B}.Debug|iPhoneSimulator.ActiveCfg = Debug|Any CPU
		{B19C892E-2628-4CA7-AD27-08D406A3B14B}.Debug|iPhoneSimulator.Build.0 = Debug|Any CPU
		{B19C892E-2628-4CA7-AD27-08D406A3B14B}.Release|iPhoneSimulator.ActiveCfg = Release|Any CPU
		{B19C892E-2628-4CA7-AD27-08D406A3B14B}.Release|iPhoneSimulator.Build.0 = Release|Any CPU
		{B19C892E-2628-4CA7-AD27-08D406A3B14B}.Debug|iPhone.ActiveCfg = Debug|Any CPU
		{B19C892E-2628-4CA7-AD27-08D406A3B14B}.Debug|iPhone.Build.0 = Debug|Any CPU
		{B19C892E-2628-4CA7-AD27-08D406A3B14B}.Release|iPhone.ActiveCfg = Release|Any CPU
		{B19C892E-2628-4CA7-AD27-08D406A3B14B}.Release|iPhone.Build.0 = Release|Any CPU
		{6F5B2DEC-A700-4244-86C6-39996F228A22}.Debug|Any CPU.ActiveCfg = Debug|Any CPU
		{6F5B2DEC-A700-4244-86C6-39996F228A22}.Debug|Any CPU.Build.0 = Debug|Any CPU
		{6F5B2DEC-A700-4244-86C6-39996F228A22}.Release|Any CPU.ActiveCfg = Release|Any CPU
		{6F5B2DEC-A700-4244-86C6-39996F228A22}.Release|Any CPU.Build.0 = Release|Any CPU
		{6F5B2DEC-A700-4244-86C6-39996F228A22}.Debug|iPhoneSimulator.ActiveCfg = Debug|Any CPU
		{6F5B2DEC-A700-4244-86C6-39996F228A22}.Debug|iPhoneSimulator.Build.0 = Debug|Any CPU
		{6F5B2DEC-A700-4244-86C6-39996F228A22}.Release|iPhoneSimulator.ActiveCfg = Release|Any CPU
		{6F5B2DEC-A700-4244-86C6-39996F228A22}.Release|iPhoneSimulator.Build.0 = Release|Any CPU
		{6F5B2DEC-A700-4244-86C6-39996F228A22}.Debug|iPhone.ActiveCfg = Debug|Any CPU
		{6F5B2DEC-A700-4244-86C6-39996F228A22}.Debug|iPhone.Build.0 = Debug|Any CPU
		{6F5B2DEC-A700-4244-86C6-39996F228A22}.Release|iPhone.ActiveCfg = Release|Any CPU
		{6F5B2DEC-A700-4244-86C6-39996F228A22}.Release|iPhone.Build.0 = Release|Any CPU
		{51D70052-D590-4AF3-91AA-C2FDBF30CCB0}.Debug|Any CPU.ActiveCfg = Debug|iPhoneSimulator
		{51D70052-D590-4AF3-91AA-C2FDBF30CCB0}.Debug|Any CPU.Build.0 = Debug|iPhoneSimulator
		{51D70052-D590-4AF3-91AA-C2FDBF30CCB0}.Release|Any CPU.ActiveCfg = Release|iPhoneSimulator
		{51D70052-D590-4AF3-91AA-C2FDBF30CCB0}.Release|Any CPU.Build.0 = Release|iPhoneSimulator
		{51D70052-D590-4AF3-91AA-C2FDBF30CCB0}.Debug|iPhoneSimulator.ActiveCfg = Debug|iPhoneSimulator
		{51D70052-D590-4AF3-91AA-C2FDBF30CCB0}.Debug|iPhoneSimulator.Build.0 = Debug|iPhoneSimulator
		{51D70052-D590-4AF3-91AA-C2FDBF30CCB0}.Release|iPhoneSimulator.ActiveCfg = Release|iPhoneSimulator
		{51D70052-D590-4AF3-91AA-C2FDBF30CCB0}.Release|iPhoneSimulator.Build.0 = Release|iPhoneSimulator
		{51D70052-D590-4AF3-91AA-C2FDBF30CCB0}.Debug|iPhone.ActiveCfg = Debug|iPhone
		{51D70052-D590-4AF3-91AA-C2FDBF30CCB0}.Debug|iPhone.Build.0 = Debug|iPhone
		{51D70052-D590-4AF3-91AA-C2FDBF30CCB0}.Release|iPhone.ActiveCfg = Release|iPhone
		{51D70052-D590-4AF3-91AA-C2FDBF30CCB0}.Release|iPhone.Build.0 = Release|iPhone
		{3EEAD458-98D5-41D5-B23D-85FF98844C33}.Debug|Any CPU.ActiveCfg = Debug|Any CPU
		{3EEAD458-98D5-41D5-B23D-85FF98844C33}.Debug|Any CPU.Build.0 = Debug|Any CPU
		{3EEAD458-98D5-41D5-B23D-85FF98844C33}.Release|Any CPU.ActiveCfg = Release|Any CPU
		{3EEAD458-98D5-41D5-B23D-85FF98844C33}.Release|Any CPU.Build.0 = Release|Any CPU
		{3EEAD458-98D5-41D5-B23D-85FF98844C33}.Debug|iPhoneSimulator.ActiveCfg = Debug|Any CPU
		{3EEAD458-98D5-41D5-B23D-85FF98844C33}.Debug|iPhoneSimulator.Build.0 = Debug|Any CPU
		{3EEAD458-98D5-41D5-B23D-85FF98844C33}.Release|iPhoneSimulator.ActiveCfg = Release|Any CPU
		{3EEAD458-98D5-41D5-B23D-85FF98844C33}.Release|iPhoneSimulator.Build.0 = Release|Any CPU
		{3EEAD458-98D5-41D5-B23D-85FF98844C33}.Debug|iPhone.ActiveCfg = Debug|Any CPU
		{3EEAD458-98D5-41D5-B23D-85FF98844C33}.Debug|iPhone.Build.0 = Debug|Any CPU
		{3EEAD458-98D5-41D5-B23D-85FF98844C33}.Release|iPhone.ActiveCfg = Release|Any CPU
		{3EEAD458-98D5-41D5-B23D-85FF98844C33}.Release|iPhone.Build.0 = Release|Any CPU
	EndGlobalSection
EndGlobal
